
Microsoft Visual Studio Solution File, Format Version 12.00
# Visual Studio 14
VisualStudioVersion = 14.0.24720.0
MinimumVisualStudioVersion = 10.0.40219.1
Project("{FAE04EC0-301F-11D3-BF4B-00C04F79EFBC}") = "Liveperformance", "Liveperformance\Liveperformance.csproj", "{AB5D7195-DE3A-4739-846D-354A00E63048}"
EndProject
Global
	GlobalSection(SolutionConfigurationPlatforms) = preSolution
		Debug|Any CPU = Debug|Any CPU
		Release|Any CPU = Release|Any CPU
	EndGlobalSection
	GlobalSection(ProjectConfigurationPlatforms) = postSolution
		{AB5D7195-DE3A-4739-846D-354A00E63048}.Debug|Any CPU.ActiveCfg = Debug|Any CPU
		{AB5D7195-DE3A-4739-846D-354A00E63048}.Debug|Any CPU.Build.0 = Debug|Any CPU
		{AB5D7195-DE3A-4739-846D-354A00E63048}.Release|Any CPU.ActiveCfg = Release|Any CPU
		{AB5D7195-DE3A-4739-846D-354A00E63048}.Release|Any CPU.Build.0 = Release|Any CPU
	EndGlobalSection
	GlobalSection(SolutionProperties) = preSolution
		HideSolutionNode = FALSE
	EndGlobalSection
EndGlobal
